{
  "nodes": {
    "apalache-repo": {
      "flake": false,
      "locked": {
        "lastModified": 1727172022,
        "narHash": "sha256-4VUpWRwQ5kUNJ95boUYE72PGXtr9nBFjyCdmLTAEwcY=",
        "owner": "apalache-mc",
        "repo": "apalache",
        "rev": "0d72eb197263cc944095817fe5c70c32a2e774b0",
        "type": "github"
      },
      "original": {
        "owner": "apalache-mc",
        "ref": "v0.46.1",
        "repo": "apalache",
        "type": "github"
      }
    },
    "codecompanion": {
      "flake": false,
      "locked": {
        "lastModified": 1729202507,
        "narHash": "sha256-UiB05lSjiKWq3eGQln9zMkNVzf3n1r7U3H1sVlrcz7k=",
        "owner": "olimorris",
        "repo": "codecompanion.nvim",
        "rev": "fc146070cc341b1503d61daf6746edb4d0d7e6aa",
        "type": "github"
      },
      "original": {
        "owner": "olimorris",
        "repo": "codecompanion.nvim",
        "type": "github"
      }
    },
    "ebmc-repo": {
      "flake": false,
      "locked": {
        "lastModified": 1730217483,
        "narHash": "sha256-JDSie4QZnj2k+cgRuKEtaAxNRJ1Vp0dAntP7xLtcp+s=",
        "ref": "refs/heads/main",
        "rev": "6b0d3462902a67816a19a26d223735b24686b3d6",
        "revCount": 2370,
        "submodules": true,
        "type": "git",
        "url": "https://github.com/diffblue/hw-cbmc.git"
      },
      "original": {
        "submodules": true,
        "type": "git",
        "url": "https://github.com/diffblue/hw-cbmc.git"
      }
    },
    "flake-utils": {
      "inputs": {
        "systems": "systems"
      },
      "locked": {
        "lastModified": 1710146030,
        "narHash": "sha256-SZ5L6eA7HJ/nmkzGG7/ISclqe6oZdOZTNoesiInkXPQ=",
        "owner": "numtide",
        "repo": "flake-utils",
        "rev": "b1d9ab70662946ef0850d488da1c9019f3a9752a",
        "type": "github"
      },
      "original": {
        "owner": "numtide",
        "repo": "flake-utils",
        "type": "github"
      }
    },
    "flake-utils_2": {
      "locked": {
        "lastModified": 1667395993,
        "narHash": "sha256-nuEHfE/LcWyuSWnS8t12N1wc105Qtau+/OdUAjtQ0rA=",
        "owner": "numtide",
        "repo": "flake-utils",
        "rev": "5aed5285a952e0b949eb3ba02c12fa4fcfef535f",
        "type": "github"
      },
      "original": {
        "owner": "numtide",
        "repo": "flake-utils",
        "type": "github"
      }
    },
    "kani-repo": {
      "flake": false,
      "locked": {
        "lastModified": 1725480001,
        "narHash": "sha256-BBcJopXNSKwvMqs/wcw743+g4lvGTqy1OrATTBxph+I=",
        "type": "tarball",
        "url": "https://github.com/model-checking/kani/archive/refs/tags/kani-0.55.0.tar.gz"
      },
      "original": {
        "type": "tarball",
        "url": "https://github.com/model-checking/kani/archive/refs/tags/kani-0.55.0.tar.gz"
      }
    },
    "kani-tarball": {
      "flake": false,
      "locked": {
        "lastModified": 1725486047,
        "narHash": "sha256-i3hnxrZJ8pQIC2QrTJbh9X5mYXLf5XzLls1taOB9noU=",
        "type": "tarball",
        "url": "https://github.com/model-checking/kani/releases/download/kani-0.55.0/kani-0.55.0-x86_64-unknown-linux-gnu.tar.gz"
      },
      "original": {
        "type": "tarball",
        "url": "https://github.com/model-checking/kani/releases/download/kani-0.55.0/kani-0.55.0-x86_64-unknown-linux-gnu.tar.gz"
      }
    },
    "nixpkgs": {
      "locked": {
        "lastModified": 1721743106,
        "narHash": "sha256-adRZhFpBTnHiK3XIELA3IBaApz70HwCYfv7xNrHjebA=",
        "owner": "nixos",
        "repo": "nixpkgs",
        "rev": "dc14ed91132ee3a26255d01d8fd0c1f5bff27b2f",
        "type": "github"
      },
      "original": {
        "owner": "nixos",
        "ref": "nixos-unstable",
        "repo": "nixpkgs",
        "type": "github"
      }
    },
    "nixpkgs_2": {
      "locked": {
        "lastModified": 1718428119,
        "narHash": "sha256-WdWDpNaq6u1IPtxtYHHWpl5BmabtpmLnMAx0RdJ/vo8=",
        "owner": "NixOS",
        "repo": "nixpkgs",
        "rev": "e6cea36f83499eb4e9cd184c8a8e823296b50ad5",
        "type": "github"
      },
      "original": {
        "owner": "NixOS",
        "ref": "nixpkgs-unstable",
        "repo": "nixpkgs",
        "type": "github"
      }
    },
    "nixpkgs_3": {
      "locked": {
        "lastModified": 1674990008,
        "narHash": "sha256-4zOyp+hFW2Y7imxIpZqZGT8CEqKmDjwgfD6BzRUE0mQ=",
        "owner": "NixOS",
        "repo": "nixpkgs",
        "rev": "d2bbcbe6c626d339b25a4995711f07625b508214",
        "type": "github"
      },
      "original": {
        "owner": "NixOS",
        "ref": "nixpkgs-unstable",
        "repo": "nixpkgs",
        "type": "github"
      }
    },
    "root": {
      "inputs": {
        "apalache-repo": "apalache-repo",
        "codecompanion": "codecompanion",
        "ebmc-repo": "ebmc-repo",
        "flake-utils": "flake-utils",
        "kani-repo": "kani-repo",
        "kani-tarball": "kani-tarball",
        "nixpkgs": "nixpkgs",
        "rust-overlay": "rust-overlay",
        "sbt-derivation": "sbt-derivation",
        "vim-pandoc": "vim-pandoc"
      }
    },
    "rust-overlay": {
      "inputs": {
        "nixpkgs": "nixpkgs_2"
      },
      "locked": {
        "lastModified": 1725935143,
        "narHash": "sha256-mVtTVQMlXkydSXVwFClE0ckxHrOQ9nb2DrCjNwW5pUE=",
        "owner": "oxalica",
        "repo": "rust-overlay",
        "rev": "c3c175c74cd0e8c2c40a0e22bc6e3005c4d28d64",
        "type": "github"
      },
      "original": {
        "owner": "oxalica",
        "repo": "rust-overlay",
        "type": "github"
      }
    },
    "sbt-derivation": {
      "inputs": {
        "flake-utils": "flake-utils_2",
        "nixpkgs": "nixpkgs_3"
      },
      "locked": {
        "lastModified": 1698464090,
        "narHash": "sha256-Pnej7WZIPomYWg8f/CZ65sfW85IfIUjYhphMMg7/LT0=",
        "owner": "zaninime",
        "repo": "sbt-derivation",
        "rev": "6762cf2c31de50efd9ff905cbcc87239995a4ef9",
        "type": "github"
      },
      "original": {
        "owner": "zaninime",
        "repo": "sbt-derivation",
        "type": "github"
      }
    },
    "systems": {
      "locked": {
        "lastModified": 1681028828,
        "narHash": "sha256-Vy1rq5AaRuLzOxct8nz4T6wlgyUR7zLU309k9mBC768=",
        "owner": "nix-systems",
        "repo": "default",
        "rev": "da67096a3b9bf56a91d16901293e51ba5b49a27e",
        "type": "github"
      },
      "original": {
        "owner": "nix-systems",
        "repo": "default",
        "type": "github"
      }
    },
    "vim-pandoc": {
      "flake": false,
      "locked": {
        "lastModified": 1721679064,
        "narHash": "sha256-Pb5yyqZNA1RfsvXYZgiM3sCRPr7u+Klc6rgVLKx+QCo=",
        "owner": "vim-pandoc",
        "repo": "vim-pandoc",
        "rev": "bd11902651edc18076f90ed291581d785be52311",
        "type": "github"
      },
      "original": {
        "owner": "vim-pandoc",
        "repo": "vim-pandoc",
        "type": "github"
      }
    }
  },
  "root": "root",
  "version": 7
}
